
Microsoft Visual Studio Solution File, Format Version 12.00
# Visual Studio 14
VisualStudioVersion = 14.0.25123.0
MinimumVisualStudioVersion = 10.0.40219.1
Project("{FAE04EC0-301F-11D3-BF4B-00C04F79EFBC}") = "AppIconsEx.Droid", "AppIconsEx\AppIconsEx.Droid\AppIconsEx.Droid.csproj", "{5E44DE77-FE25-4B2F-A2CA-29E7A0003F5B}"
EndProject
Project("{FAE04EC0-301F-11D3-BF4B-00C04F79EFBC}") = "AppIconsEx.iOS", "AppIconsEx\AppIconsEx.iOS\AppIconsEx.iOS.csproj", "{330041EC-D043-4561-A795-6D139B7B8A1C}"
EndProject
Project("{FAE04EC0-301F-11D3-BF4B-00C04F79EFBC}") = "AppIconsEx.UWP", "AppIconsEx\AppIconsEx.UWP\AppIconsEx.UWP.csproj", "{0C41BE9F-364D-44EF-AAA3-B73F91396F1A}"
EndProject
Project("{FAE04EC0-301F-11D3-BF4B-00C04F79EFBC}") = "AppIconsEx", "AppIconsEx\AppIconsEx\AppIconsEx.csproj", "{1927FCE0-A016-4510-95E4-44B267B2A47A}"
EndProject
Global
	GlobalSection(SolutionConfigurationPlatforms) = preSolution
		Ad-Hoc|Any CPU = Ad-Hoc|Any CPU
		Ad-Hoc|ARM = Ad-Hoc|ARM
		Ad-Hoc|iPhone = Ad-Hoc|iPhone
		Ad-Hoc|iPhoneSimulator = Ad-Hoc|iPhoneSimulator
		Ad-Hoc|x64 = Ad-Hoc|x64
		Ad-Hoc|x86 = Ad-Hoc|x86
		AppStore|Any CPU = AppStore|Any CPU
		AppStore|ARM = AppStore|ARM
		AppStore|iPhone = AppStore|iPhone
		AppStore|iPhoneSimulator = AppStore|iPhoneSimulator
		AppStore|x64 = AppStore|x64
		AppStore|x86 = AppStore|x86
		Debug|Any CPU = Debug|Any CPU
		Debug|ARM = Debug|ARM
		Debug|iPhone = Debug|iPhone
		Debug|iPhoneSimulator = Debug|iPhoneSimulator
		Debug|x64 = Debug|x64
		Debug|x86 = Debug|x86
		Release|Any CPU = Release|Any CPU
		Release|ARM = Release|ARM
		Release|iPhone = Release|iPhone
		Release|iPhoneSimulator = Release|iPhoneSimulator
		Release|x64 = Release|x64
		Release|x86 = Release|x86
	EndGlobalSection
	GlobalSection(ProjectConfigurationPlatforms) = postSolution
		{5E44DE77-FE25-4B2F-A2CA-29E7A0003F5B}.Ad-Hoc|Any CPU.ActiveCfg = Release|Any CPU
		{5E44DE77-FE25-4B2F-A2CA-29E7A0003F5B}.Ad-Hoc|Any CPU.Build.0 = Release|Any CPU
		{5E44DE77-FE25-4B2F-A2CA-29E7A0003F5B}.Ad-Hoc|Any CPU.Deploy.0 = Release|Any CPU
		{5E44DE77-FE25-4B2F-A2CA-29E7A0003F5B}.Ad-Hoc|ARM.ActiveCfg = Release|Any CPU
		{5E44DE77-FE25-4B2F-A2CA-29E7A0003F5B}.Ad-Hoc|ARM.Build.0 = Release|Any CPU
		{5E44DE77-FE25-4B2F-A2CA-29E7A0003F5B}.Ad-Hoc|ARM.Deploy.0 = Release|Any CPU
		{5E44DE77-FE25-4B2F-A2CA-29E7A0003F5B}.Ad-Hoc|iPhone.ActiveCfg = Release|Any CPU
		{5E44DE77-FE25-4B2F-A2CA-29E7A0003F5B}.Ad-Hoc|iPhone.Build.0 = Release|Any CPU
		{5E44DE77-FE25-4B2F-A2CA-29E7A0003F5B}.Ad-Hoc|iPhone.Deploy.0 = Release|Any CPU
		{5E44DE77-FE25-4B2F-A2CA-29E7A0003F5B}.Ad-Hoc|iPhoneSimulator.ActiveCfg = Release|Any CPU
		{5E44DE77-FE25-4B2F-A2CA-29E7A0003F5B}.Ad-Hoc|iPhoneSimulator.Build.0 = Release|Any CPU
		{5E44DE77-FE25-4B2F-A2CA-29E7A0003F5B}.Ad-Hoc|iPhoneSimulator.Deploy.0 = Release|Any CPU
		{5E44DE77-FE25-4B2F-A2CA-29E7A0003F5B}.Ad-Hoc|x64.ActiveCfg = Release|Any CPU
		{5E44DE77-FE25-4B2F-A2CA-29E7A0003F5B}.Ad-Hoc|x64.Build.0 = Release|Any CPU
		{5E44DE77-FE25-4B2F-A2CA-29E7A0003F5B}.Ad-Hoc|x64.Deploy.0 = Release|Any CPU
		{5E44DE77-FE25-4B2F-A2CA-29E7A0003F5B}.Ad-Hoc|x86.ActiveCfg = Release|Any CPU
		{5E44DE77-FE25-4B2F-A2CA-29E7A0003F5B}.Ad-Hoc|x86.Build.0 = Release|Any CPU
		{5E44DE77-FE25-4B2F-A2CA-29E7A0003F5B}.Ad-Hoc|x86.Deploy.0 = Release|Any CPU
		{5E44DE77-FE25-4B2F-A2CA-29E7A0003F5B}.AppStore|Any CPU.ActiveCfg = Release|Any CPU
		{5E44DE77-FE25-4B2F-A2CA-29E7A0003F5B}.AppStore|Any CPU.Build.0 = Release|Any CPU
		{5E44DE77-FE25-4B2F-A2CA-29E7A0003F5B}.AppStore|Any CPU.Deploy.0 = Release|Any CPU
		{5E44DE77-FE25-4B2F-A2CA-29E7A0003F5B}.AppStore|ARM.ActiveCfg = Release|Any CPU
		{5E44DE77-FE25-4B2F-A2CA-29E7A0003F5B}.AppStore|ARM.Build.0 = Release|Any CPU
		{5E44DE77-FE25-4B2F-A2CA-29E7A0003F5B}.AppStore|ARM.Deploy.0 = Release|Any CPU
		{5E44DE77-FE25-4B2F-A2CA-29E7A0003F5B}.AppStore|iPhone.ActiveCfg = Release|Any CPU
		{5E44DE77-FE25-4B2F-A2CA-29E7A0003F5B}.AppStore|iPhone.Build.0 = Release|Any CPU
		{5E44DE77-FE25-4B2F-A2CA-29E7A0003F5B}.AppStore|iPhone.Deploy.0 = Release|Any CPU
		{5E44DE77-FE25-4B2F-A2CA-29E7A0003F5B}.AppStore|iPhoneSimulator.ActiveCfg = Release|Any CPU
		{5E44DE77-FE25-4B2F-A2CA-29E7A0003F5B}.AppStore|iPhoneSimulator.Build.0 = Release|Any CPU
		{5E44DE77-FE25-4B2F-A2CA-29E7A0003F5B}.AppStore|iPhoneSimulator.Deploy.0 = Release|Any CPU
		{5E44DE77-FE25-4B2F-A2CA-29E7A0003F5B}.AppStore|x64.ActiveCfg = Release|Any CPU
		{5E44DE77-FE25-4B2F-A2CA-29E7A0003F5B}.AppStore|x64.Build.0 = Release|Any CPU
		{5E44DE77-FE25-4B2F-A2CA-29E7A0003F5B}.AppStore|x64.Deploy.0 = Release|Any CPU
		{5E44DE77-FE25-4B2F-A2CA-29E7A0003F5B}.AppStore|x86.ActiveCfg = Release|Any CPU
		{5E44DE77-FE25-4B2F-A2CA-29E7A0003F5B}.AppStore|x86.Build.0 = Release|Any CPU
		{5E44DE77-FE25-4B2F-A2CA-29E7A0003F5B}.AppStore|x86.Deploy.0 = Release|Any CPU
		{5E44DE77-FE25-4B2F-A2CA-29E7A0003F5B}.Debug|Any CPU.ActiveCfg = Debug|Any CPU
		{5E44DE77-FE25-4B2F-A2CA-29E7A0003F5B}.Debug|Any CPU.Build.0 = Debug|Any CPU
		{5E44DE77-FE25-4B2F-A2CA-29E7A0003F5B}.Debug|Any CPU.Deploy.0 = Debug|Any CPU
		{5E44DE77-FE25-4B2F-A2CA-29E7A0003F5B}.Debug|ARM.ActiveCfg = Debug|Any CPU
		{5E44DE77-FE25-4B2F-A2CA-29E7A0003F5B}.Debug|ARM.Build.0 = Debug|Any CPU
		{5E44DE77-FE25-4B2F-A2CA-29E7A0003F5B}.Debug|ARM.Deploy.0 = Debug|Any CPU
		{5E44DE77-FE25-4B2F-A2CA-29E7A0003F5B}.Debug|iPhone.ActiveCfg = Debug|Any CPU
		{5E44DE77-FE25-4B2F-A2CA-29E7A0003F5B}.Debug|iPhone.Build.0 = Debug|Any CPU
		{5E44DE77-FE25-4B2F-A2CA-29E7A0003F5B}.Debug|iPhone.Deploy.0 = Debug|Any CPU
		{5E44DE77-FE25-4B2F-A2CA-29E7A0003F5B}.Debug|iPhoneSimulator.ActiveCfg = Debug|Any CPU
		{5E44DE77-FE25-4B2F-A2CA-29E7A0003F5B}.Debug|iPhoneSimulator.Build.0 = Debug|Any CPU
		{5E44DE77-FE25-4B2F-A2CA-29E7A0003F5B}.Debug|iPhoneSimulator.Deploy.0 = Debug|Any CPU
		{5E44DE77-FE25-4B2F-A2CA-29E7A0003F5B}.Debug|x64.ActiveCfg = Debug|Any CPU
		{5E44DE77-FE25-4B2F-A2CA-29E7A0003F5B}.Debug|x64.Build.0 = Debug|Any CPU
		{5E44DE77-FE25-4B2F-A2CA-29E7A0003F5B}.Debug|x64.Deploy.0 = Debug|Any CPU
		{5E44DE77-FE25-4B2F-A2CA-29E7A0003F5B}.Debug|x86.ActiveCfg = Debug|Any CPU
		{5E44DE77-FE25-4B2F-A2CA-29E7A0003F5B}.Debug|x86.Build.0 = Debug|Any CPU
		{5E44DE77-FE25-4B2F-A2CA-29E7A0003F5B}.Debug|x86.Deploy.0 = Debug|Any CPU
		{5E44DE77-FE25-4B2F-A2CA-29E7A0003F5B}.Release|Any CPU.ActiveCfg = Release|Any CPU
		{5E44DE77-FE25-4B2F-A2CA-29E7A0003F5B}.Release|Any CPU.Build.0 = Release|Any CPU
		{5E44DE77-FE25-4B2F-A2CA-29E7A0003F5B}.Release|Any CPU.Deploy.0 = Release|Any CPU
		{5E44DE77-FE25-4B2F-A2CA-29E7A0003F5B}.Release|ARM.ActiveCfg = Release|Any CPU
		{5E44DE77-FE25-4B2F-A2CA-29E7A0003F5B}.Release|ARM.Build.0 = Release|Any CPU
		{5E44DE77-FE25-4B2F-A2CA-29E7A0003F5B}.Release|ARM.Deploy.0 = Release|Any CPU
		{5E44DE77-FE25-4B2F-A2CA-29E7A0003F5B}.Release|iPhone.ActiveCfg = Release|Any CPU
		{5E44DE77-FE25-4B2F-A2CA-29E7A0003F5B}.Release|iPhone.Build.0 = Release|Any CPU
		{5E44DE77-FE25-4B2F-A2CA-29E7A0003F5B}.Release|iPhone.Deploy.0 = Release|Any CPU
		{5E44DE77-FE25-4B2F-A2CA-29E7A0003F5B}.Release|iPhoneSimulator.ActiveCfg = Release|Any CPU
		{5E44DE77-FE25-4B2F-A2CA-29E7A0003F5B}.Release|iPhoneSimulator.Build.0 = Release|Any CPU
		{5E44DE77-FE25-4B2F-A2CA-29E7A0003F5B}.Release|iPhoneSimulator.Deploy.0 = Release|Any CPU
		{5E44DE77-FE25-4B2F-A2CA-29E7A0003F5B}.Release|x64.ActiveCfg = Release|Any CPU
		{5E44DE77-FE25-4B2F-A2CA-29E7A0003F5B}.Release|x64.Build.0 = Release|Any CPU
		{5E44DE77-FE25-4B2F-A2CA-29E7A0003F5B}.Release|x64.Deploy.0 = Release|Any CPU
		{5E44DE77-FE25-4B2F-A2CA-29E7A0003F5B}.Release|x86.ActiveCfg = Release|Any CPU
		{5E44DE77-FE25-4B2F-A2CA-29E7A0003F5B}.Release|x86.Build.0 = Release|Any CPU
		{5E44DE77-FE25-4B2F-A2CA-29E7A0003F5B}.Release|x86.Deploy.0 = Release|Any CPU
		{330041EC-D043-4561-A795-6D139B7B8A1C}.Ad-Hoc|Any CPU.ActiveCfg = Ad-Hoc|iPhone
		{330041EC-D043-4561-A795-6D139B7B8A1C}.Ad-Hoc|ARM.ActiveCfg = Ad-Hoc|iPhone
		{330041EC-D043-4561-A795-6D139B7B8A1C}.Ad-Hoc|iPhone.ActiveCfg = Ad-Hoc|iPhone
		{330041EC-D043-4561-A795-6D139B7B8A1C}.Ad-Hoc|iPhone.Build.0 = Ad-Hoc|iPhone
		{330041EC-D043-4561-A795-6D139B7B8A1C}.Ad-Hoc|iPhoneSimulator.ActiveCfg = Ad-Hoc|iPhoneSimulator
		{330041EC-D043-4561-A795-6D139B7B8A1C}.Ad-Hoc|iPhoneSimulator.Build.0 = Ad-Hoc|iPhoneSimulator
		{330041EC-D043-4561-A795-6D139B7B8A1C}.Ad-Hoc|x64.ActiveCfg = Ad-Hoc|iPhone
		{330041EC-D043-4561-A795-6D139B7B8A1C}.Ad-Hoc|x86.ActiveCfg = Ad-Hoc|iPhone
		{330041EC-D043-4561-A795-6D139B7B8A1C}.AppStore|Any CPU.ActiveCfg = AppStore|iPhone
		{330041EC-D043-4561-A795-6D139B7B8A1C}.AppStore|ARM.ActiveCfg = AppStore|iPhone
		{330041EC-D043-4561-A795-6D139B7B8A1C}.AppStore|iPhone.ActiveCfg = AppStore|iPhone
		{330041EC-D043-4561-A795-6D139B7B8A1C}.AppStore|iPhone.Build.0 = AppStore|iPhone
		{330041EC-D043-4561-A795-6D139B7B8A1C}.AppStore|iPhoneSimulator.ActiveCfg = AppStore|iPhoneSimulator
		{330041EC-D043-4561-A795-6D139B7B8A1C}.AppStore|iPhoneSimulator.Build.0 = AppStore|iPhoneSimulator
		{330041EC-D043-4561-A795-6D139B7B8A1C}.AppStore|x64.ActiveCfg = AppStore|iPhone
		{330041EC-D043-4561-A795-6D139B7B8A1C}.AppStore|x86.ActiveCfg = AppStore|iPhone
		{330041EC-D043-4561-A795-6D139B7B8A1C}.Debug|Any CPU.ActiveCfg = Debug|iPhone
		{330041EC-D043-4561-A795-6D139B7B8A1C}.Debug|ARM.ActiveCfg = Debug|iPhone
		{330041EC-D043-4561-A795-6D139B7B8A1C}.Debug|iPhone.ActiveCfg = Debug|iPhone
		{330041EC-D043-4561-A795-6D139B7B8A1C}.Debug|iPhone.Build.0 = Debug|iPhone
		{330041EC-D043-4561-A795-6D139B7B8A1C}.Debug|iPhoneSimulator.ActiveCfg = Debug|iPhoneSimulator
		{330041EC-D043-4561-A795-6D139B7B8A1C}.Debug|iPhoneSimulator.Build.0 = Debug|iPhoneSimulator
		{330041EC-D043-4561-A795-6D139B7B8A1C}.Debug|x64.ActiveCfg = Debug|iPhone
		{330041EC-D043-4561-A795-6D139B7B8A1C}.Debug|x86.ActiveCfg = Debug|iPhone
		{330041EC-D043-4561-A795-6D139B7B8A1C}.Release|Any CPU.ActiveCfg = Release|iPhone
		{330041EC-D043-4561-A795-6D139B7B8A1C}.Release|ARM.ActiveCfg = Release|iPhone
		{330041EC-D043-4561-A795-6D139B7B8A1C}.Release|iPhone.ActiveCfg = Release|iPhone
		{330041EC-D043-4561-A795-6D139B7B8A1C}.Release|iPhone.Build.0 = Release|iPhone
		{330041EC-D043-4561-A795-6D139B7B8A1C}.Release|iPhoneSimulator.ActiveCfg = Release|iPhoneSimulator
		{330041EC-D043-4561-A795-6D139B7B8A1C}.Release|iPhoneSimulator.Build.0 = Release|iPhoneSimulator
		{330041EC-D043-4561-A795-6D139B7B8A1C}.Release|x64.ActiveCfg = Release|iPhone
		{330041EC-D043-4561-A795-6D139B7B8A1C}.Release|x86.ActiveCfg = Release|iPhone
		{0C41BE9F-364D-44EF-AAA3-B73F91396F1A}.Ad-Hoc|Any CPU.ActiveCfg = Release|x86
		{0C41BE9F-364D-44EF-AAA3-B73F91396F1A}.Ad-Hoc|Any CPU.Build.0 = Release|x86
		{0C41BE9F-364D-44EF-AAA3-B73F91396F1A}.Ad-Hoc|Any CPU.Deploy.0 = Release|x86
		{0C41BE9F-364D-44EF-AAA3-B73F91396F1A}.Ad-Hoc|ARM.ActiveCfg = Release|ARM
		{0C41BE9F-364D-44EF-AAA3-B73F91396F1A}.Ad-Hoc|ARM.Build.0 = Release|ARM
		{0C41BE9F-364D-44EF-AAA3-B73F91396F1A}.Ad-Hoc|ARM.Deploy.0 = Release|ARM
		{0C41BE9F-364D-44EF-AAA3-B73F91396F1A}.Ad-Hoc|iPhone.ActiveCfg = Release|x86
		{0C41BE9F-364D-44EF-AAA3-B73F91396F1A}.Ad-Hoc|iPhone.Build.0 = Release|x86
		{0C41BE9F-364D-44EF-AAA3-B73F91396F1A}.Ad-Hoc|iPhone.Deploy.0 = Release|x86
		{0C41BE9F-364D-44EF-AAA3-B73F91396F1A}.Ad-Hoc|iPhoneSimulator.ActiveCfg = Release|x86
		{0C41BE9F-364D-44EF-AAA3-B73F91396F1A}.Ad-Hoc|iPhoneSimulator.Build.0 = Release|x86
		{0C41BE9F-364D-44EF-AAA3-B73F91396F1A}.Ad-Hoc|iPhoneSimulator.Deploy.0 = Release|x86
		{0C41BE9F-364D-44EF-AAA3-B73F91396F1A}.Ad-Hoc|x64.ActiveCfg = Release|x64
		{0C41BE9F-364D-44EF-AAA3-B73F91396F1A}.Ad-Hoc|x64.Build.0 = Release|x64
		{0C41BE9F-364D-44EF-AAA3-B73F91396F1A}.Ad-Hoc|x64.Deploy.0 = Release|x64
		{0C41BE9F-364D-44EF-AAA3-B73F91396F1A}.Ad-Hoc|x86.ActiveCfg = Release|x86
		{0C41BE9F-364D-44EF-AAA3-B73F91396F1A}.Ad-Hoc|x86.Build.0 = Release|x86
		{0C41BE9F-364D-44EF-AAA3-B73F91396F1A}.Ad-Hoc|x86.Deploy.0 = Release|x86
		{0C41BE9F-364D-44EF-AAA3-B73F91396F1A}.AppStore|Any CPU.ActiveCfg = Release|x86
		{0C41BE9F-364D-44EF-AAA3-B73F91396F1A}.AppStore|Any CPU.Build.0 = Release|x86
		{0C41BE9F-364D-44EF-AAA3-B73F91396F1A}.AppStore|Any CPU.Deploy.0 = Release|x86
		{0C41BE9F-364D-44EF-AAA3-B73F91396F1A}.AppStore|ARM.ActiveCfg = Release|ARM
		{0C41BE9F-364D-44EF-AAA3-B73F91396F1A}.AppStore|ARM.Build.0 = Release|ARM
		{0C41BE9F-364D-44EF-AAA3-B73F91396F1A}.AppStore|ARM.Deploy.0 = Release|ARM
		{0C41BE9F-364D-44EF-AAA3-B73F91396F1A}.AppStore|iPhone.ActiveCfg = Release|x86
		{0C41BE9F-364D-44EF-AAA3-B73F91396F1A}.AppStore|iPhone.Build.0 = Release|x86
		{0C41BE9F-364D-44EF-AAA3-B73F91396F1A}.AppStore|iPhone.Deploy.0 = Release|x86
		{0C41BE9F-364D-44EF-AAA3-B73F91396F1A}.AppStore|iPhoneSimulator.ActiveCfg = Release|x86
		{0C41BE9F-364D-44EF-AAA3-B73F91396F1A}.AppStore|iPhoneSimulator.Build.0 = Release|x86
		{0C41BE9F-364D-44EF-AAA3-B73F91396F1A}.AppStore|iPhoneSimulator.Deploy.0 = Release|x86
		{0C41BE9F-364D-44EF-AAA3-B73F91396F1A}.AppStore|x64.ActiveCfg = Release|x64
		{0C41BE9F-364D-44EF-AAA3-B73F91396F1A}.AppStore|x64.Build.0 = Release|x64
		{0C41BE9F-364D-44EF-AAA3-B73F91396F1A}.AppStore|x64.Deploy.0 = Release|x64
		{0C41BE9F-364D-44EF-AAA3-B73F91396F1A}.AppStore|x86.ActiveCfg = Release|x86
		{0C41BE9F-364D-44EF-AAA3-B73F91396F1A}.AppStore|x86.Build.0 = Release|x86
		{0C41BE9F-364D-44EF-AAA3-B73F91396F1A}.AppStore|x86.Deploy.0 = Release|x86
		{0C41BE9F-364D-44EF-AAA3-B73F91396F1A}.Debug|Any CPU.ActiveCfg = Debug|x86
		{0C41BE9F-364D-44EF-AAA3-B73F91396F1A}.Debug|Any CPU.Build.0 = Debug|x86
		{0C41BE9F-364D-44EF-AAA3-B73F91396F1A}.Debug|Any CPU.Deploy.0 = Debug|x86
		{0C41BE9F-364D-44EF-AAA3-B73F91396F1A}.Debug|ARM.ActiveCfg = Debug|ARM
		{0C41BE9F-364D-44EF-AAA3-B73F91396F1A}.Debug|ARM.Build.0 = Debug|ARM
		{0C41BE9F-364D-44EF-AAA3-B73F91396F1A}.Debug|ARM.Deploy.0 = Debug|ARM
		{0C41BE9F-364D-44EF-AAA3-B73F91396F1A}.Debug|iPhone.ActiveCfg = Debug|x86
		{0C41BE9F-364D-44EF-AAA3-B73F91396F1A}.Debug|iPhoneSimulator.ActiveCfg = Debug|x86
		{0C41BE9F-364D-44EF-AAA3-B73F91396F1A}.Debug|x64.ActiveCfg = Debug|x64
		{0C41BE9F-364D-44EF-AAA3-B73F91396F1A}.Debug|x64.Build.0 = Debug|x64
		{0C41BE9F-364D-44EF-AAA3-B73F91396F1A}.Debug|x64.Deploy.0 = Debug|x64
		{0C41BE9F-364D-44EF-AAA3-B73F91396F1A}.Debug|x86.ActiveCfg = Debug|x86
		{0C41BE9F-364D-44EF-AAA3-B73F91396F1A}.Debug|x86.Build.0 = Debug|x86
		{0C41BE9F-364D-44EF-AAA3-B73F91396F1A}.Debug|x86.Deploy.0 = Debug|x86
		{0C41BE9F-364D-44EF-AAA3-B73F91396F1A}.Release|Any CPU.ActiveCfg = Release|x86
		{0C41BE9F-364D-44EF-AAA3-B73F91396F1A}.Release|ARM.ActiveCfg = Release|ARM
		{0C41BE9F-364D-44EF-AAA3-B73F91396F1A}.Release|ARM.Build.0 = Release|ARM
		{0C41BE9F-364D-44EF-AAA3-B73F91396F1A}.Release|ARM.Deploy.0 = Release|ARM
		{0C41BE9F-364D-44EF-AAA3-B73F91396F1A}.Release|iPhone.ActiveCfg = Release|x86
		{0C41BE9F-364D-44EF-AAA3-B73F91396F1A}.Release|iPhoneSimulator.ActiveCfg = Release|x86
		{0C41BE9F-364D-44EF-AAA3-B73F91396F1A}.Release|x64.ActiveCfg = Release|x64
		{0C41BE9F-364D-44EF-AAA3-B73F91396F1A}.Release|x64.Build.0 = Release|x64
		{0C41BE9F-364D-44EF-AAA3-B73F91396F1A}.Release|x64.Deploy.0 = Release|x64
		{0C41BE9F-364D-44EF-AAA3-B73F91396F1A}.Release|x86.ActiveCfg = Release|x86
		{0C41BE9F-364D-44EF-AAA3-B73F91396F1A}.Release|x86.Build.0 = Release|x86
		{0C41BE9F-364D-44EF-AAA3-B73F91396F1A}.Release|x86.Deploy.0 = Release|x86
		{1927FCE0-A016-4510-95E4-44B267B2A47A}.Ad-Hoc|Any CPU.ActiveCfg = Release|Any CPU
		{1927FCE0-A016-4510-95E4-44B267B2A47A}.Ad-Hoc|Any CPU.Build.0 = Release|Any CPU
		{1927FCE0-A016-4510-95E4-44B267B2A47A}.Ad-Hoc|ARM.ActiveCfg = Release|Any CPU
		{1927FCE0-A016-4510-95E4-44B267B2A47A}.Ad-Hoc|ARM.Build.0 = Release|Any CPU
		{1927FCE0-A016-4510-95E4-44B267B2A47A}.Ad-Hoc|iPhone.ActiveCfg = Release|Any CPU
		{1927FCE0-A016-4510-95E4-44B267B2A47A}.Ad-Hoc|iPhone.Build.0 = Release|Any CPU
		{1927FCE0-A016-4510-95E4-44B267B2A47A}.Ad-Hoc|iPhoneSimulator.ActiveCfg = Release|Any CPU
		{1927FCE0-A016-4510-95E4-44B267B2A47A}.Ad-Hoc|iPhoneSimulator.Build.0 = Release|Any CPU
		{1927FCE0-A016-4510-95E4-44B267B2A47A}.Ad-Hoc|x64.ActiveCfg = Release|Any CPU
		{1927FCE0-A016-4510-95E4-44B267B2A47A}.Ad-Hoc|x64.Build.0 = Release|Any CPU
		{1927FCE0-A016-4510-95E4-44B267B2A47A}.Ad-Hoc|x86.ActiveCfg = Release|Any CPU
		{1927FCE0-A016-4510-95E4-44B267B2A47A}.Ad-Hoc|x86.Build.0 = Release|Any CPU
		{1927FCE0-A016-4510-95E4-44B267B2A47A}.AppStore|Any CPU.ActiveCfg = Release|Any CPU
		{1927FCE0-A016-4510-95E4-44B267B2A47A}.AppStore|Any CPU.Build.0 = Release|Any CPU
		{1927FCE0-A016-4510-95E4-44B267B2A47A}.AppStore|ARM.ActiveCfg = Release|Any CPU
		{1927FCE0-A016-4510-95E4-44B267B2A47A}.AppStore|ARM.Build.0 = Release|Any CPU
		{1927FCE0-A016-4510-95E4-44B267B2A47A}.AppStore|iPhone.ActiveCfg = Release|Any CPU
		{1927FCE0-A016-4510-95E4-44B267B2A47A}.AppStore|iPhone.Build.0 = Release|Any CPU
		{1927FCE0-A016-4510-95E4-44B267B2A47A}.AppStore|iPhoneSimulator.ActiveCfg = Release|Any CPU
		{1927FCE0-A016-4510-95E4-44B267B2A47A}.AppStore|iPhoneSimulator.Build.0 = Release|Any CPU
		{1927FCE0-A016-4510-95E4-44B267B2A47A}.AppStore|x64.ActiveCfg = Release|Any CPU
		{1927FCE0-A016-4510-95E4-44B267B2A47A}.AppStore|x64.Build.0 = Release|Any CPU
		{1927FCE0-A016-4510-95E4-44B267B2A47A}.AppStore|x86.ActiveCfg = Release|Any CPU
		{1927FCE0-A016-4510-95E4-44B267B2A47A}.AppStore|x86.Build.0 = Release|Any CPU
		{1927FCE0-A016-4510-95E4-44B267B2A47A}.Debug|Any CPU.ActiveCfg = Debug|Any CPU
		{1927FCE0-A016-4510-95E4-44B267B2A47A}.Debug|Any CPU.Build.0 = Debug|Any CPU
		{1927FCE0-A016-4510-95E4-44B267B2A47A}.Debug|ARM.ActiveCfg = Debug|Any CPU
		{1927FCE0-A016-4510-95E4-44B267B2A47A}.Debug|ARM.Build.0 = Debug|Any CPU
		{1927FCE0-A016-4510-95E4-44B267B2A47A}.Debug|iPhone.ActiveCfg = Debug|Any CPU
		{1927FCE0-A016-4510-95E4-44B267B2A47A}.Debug|iPhone.Build.0 = Debug|Any CPU
		{1927FCE0-A016-4510-95E4-44B267B2A47A}.Debug|iPhoneSimulator.ActiveCfg = Debug|Any CPU
		{1927FCE0-A016-4510-95E4-44B267B2A47A}.Debug|iPhoneSimulator.Build.0 = Debug|Any CPU
		{1927FCE0-A016-4510-95E4-44B267B2A47A}.Debug|x64.ActiveCfg = Debug|Any CPU
		{1927FCE0-A016-4510-95E4-44B267B2A47A}.Debug|x64.Build.0 = Debug|Any CPU
		{1927FCE0-A016-4510-95E4-44B267B2A47A}.Debug|x86.ActiveCfg = Debug|Any CPU
		{1927FCE0-A016-4510-95E4-44B267B2A47A}.Debug|x86.Build.0 = Debug|Any CPU
		{1927FCE0-A016-4510-95E4-44B267B2A47A}.Release|Any CPU.ActiveCfg = Release|Any CPU
		{1927FCE0-A016-4510-95E4-44B267B2A47A}.Release|Any CPU.Build.0 = Release|Any CPU
		{1927FCE0-A016-4510-95E4-44B267B2A47A}.Release|ARM.ActiveCfg = Release|Any CPU
		{1927FCE0-A016-4510-95E4-44B267B2A47A}.Release|ARM.Build.0 = Release|Any CPU
		{1927FCE0-A016-4510-95E4-44B267B2A47A}.Release|iPhone.ActiveCfg = Release|Any CPU
		{1927FCE0-A016-4510-95E4-44B267B2A47A}.Release|iPhone.Build.0 = Release|Any CPU
		{1927FCE0-A016-4510-95E4-44B267B2A47A}.Release|iPhoneSimulator.ActiveCfg = Release|Any CPU
		{1927FCE0-A016-4510-95E4-44B267B2A47A}.Release|iPhoneSimulator.Build.0 = Release|Any CPU
		{1927FCE0-A016-4510-95E4-44B267B2A47A}.Release|x64.ActiveCfg = Release|Any CPU
		{1927FCE0-A016-4510-95E4-44B267B2A47A}.Release|x64.Build.0 = Release|Any CPU
		{1927FCE0-A016-4510-95E4-44B267B2A47A}.Release|x86.ActiveCfg = Release|Any CPU
		{1927FCE0-A016-4510-95E4-44B267B2A47A}.Release|x86.Build.0 = Release|Any CPU
	EndGlobalSection
	GlobalSection(SolutionProperties) = preSolution
		HideSolutionNode = FALSE
	EndGlobalSection
EndGlobal
